
Microsoft Visual Studio Solution File, Format Version 12.00
# Visual Studio Version 17
VisualStudioVersion = 17.4.33205.214
MinimumVisualStudioVersion = 10.0.40219.1
Project("{FAE04EC0-301F-11D3-BF4B-00C04F79EFBC}") = "methodAssignment", "methodAssignment\methodAssignment.csproj", "{AAEB5E3D-245F-4591-A21C-534B8EFCECAA}"
EndProject
Global
	GlobalSection(SolutionConfigurationPlatforms) = preSolution
		Debug|Any CPU = Debug|Any CPU
		Release|Any CPU = Release|Any CPU
	EndGlobalSection
	GlobalSection(ProjectConfigurationPlatforms) = postSolution
		{AAEB5E3D-245F-4591-A21C-534B8EFCECAA}.Debug|Any CPU.ActiveCfg = Debug|Any CPU
		{AAEB5E3D-245F-4591-A21C-534B8EFCECAA}.Debug|Any CPU.Build.0 = Debug|Any CPU
		{AAEB5E3D-245F-4591-A21C-534B8EFCECAA}.Release|Any CPU.ActiveCfg = Release|Any CPU
		{AAEB5E3D-245F-4591-A21C-534B8EFCECAA}.Release|Any CPU.Build.0 = Release|Any CPU
	EndGlobalSection
	GlobalSection(SolutionProperties) = preSolution
		HideSolutionNode = FALSE
	EndGlobalSection
	GlobalSection(ExtensibilityGlobals) = postSolution
		SolutionGuid = {B00322A2-4842-434C-B50D-E6206A236847}
	EndGlobalSection
EndGlobal
